# @generated by Move, please check-in and do not edit manually.

[move]
version = 3
manifest_digest = "8D79F86B4A981E7C4A8C06D2A681855A6B1EF95E0C937D48F5015CE43330ABF1"
deps_digest = "3C4103934B1E040BB6B23F1D610B4EF9F2F1166A50A104EADCF77467C004C600"
dependencies = [
  { id = "MoveStdlib", name = "MoveStdlib" },
  { id = "Sui", name = "Sui" },
]

[[move.package]]
id = "MoveStdlib"
source = { git = "https://github.com/MystenLabs/sui.git", rev = "c596d498", subdir = "crates/sui-framework/packages/move-stdlib" }

[[move.package]]
id = "Sui"
source = { git = "https://github.com/MystenLabs/sui.git", rev = "c596d498", subdir = "crates/sui-framework/packages/sui-framework" }

dependencies = [
  { id = "MoveStdlib", name = "MoveStdlib" },
]

[move.toolchain-version]
compiler-version = "1.49.0"
edition = "2024.beta"
flavor = "sui"

[env]

[env.devnet]
chain-id = "6ee96fc3"
original-published-id = "0x82d821f4c33804c7f61c7880732100816b791a6833423bf7bb9fe97e21ba1cc4"
latest-published-id = "0x82d821f4c33804c7f61c7880732100816b791a6833423bf7bb9fe97e21ba1cc4"
published-version = "1"
